
Microsoft Visual Studio Solution File, Format Version 12.00
# Visual Studio Version 17
VisualStudioVersion = 17.2.32630.192
MinimumVisualStudioVersion = 10.0.40219.1
Project("{FAE04EC0-301F-11D3-BF4B-00C04F79EFBC}") = "ONT2000 ASSIGNMENT PRACTISE", "ONT2000 ASSIGNMENT PRACTISE\ONT2000 ASSIGNMENT PRACTISE.csproj", "{8A73D197-E00C-4468-9AC0-53FC330AFE70}"
EndProject
Global
	GlobalSection(SolutionConfigurationPlatforms) = preSolution
		Debug|Any CPU = Debug|Any CPU
		Release|Any CPU = Release|Any CPU
	EndGlobalSection
	GlobalSection(ProjectConfigurationPlatforms) = postSolution
		{8A73D197-E00C-4468-9AC0-53FC330AFE70}.Debug|Any CPU.ActiveCfg = Debug|Any CPU
		{8A73D197-E00C-4468-9AC0-53FC330AFE70}.Debug|Any CPU.Build.0 = Debug|Any CPU
		{8A73D197-E00C-4468-9AC0-53FC330AFE70}.Release|Any CPU.ActiveCfg = Release|Any CPU
		{8A73D197-E00C-4468-9AC0-53FC330AFE70}.Release|Any CPU.Build.0 = Release|Any CPU
	EndGlobalSection
	GlobalSection(SolutionProperties) = preSolution
		HideSolutionNode = FALSE
	EndGlobalSection
	GlobalSection(ExtensibilityGlobals) = postSolution
		SolutionGuid = {E727EB03-5AD7-4A40-B93D-9127E6DAB76E}
	EndGlobalSection
EndGlobal
